
Microsoft Visual Studio Solution File, Format Version 12.00
# Visual Studio 15
VisualStudioVersion = 15.0.28307.1145
MinimumVisualStudioVersion = 10.0.40219.1
Project("{FAE04EC0-301F-11D3-BF4B-00C04F79EFBC}") = "3erParcial", "3erParcial\3erParcial.csproj", "{22BEF17F-D5D9-4AC4-A70B-4B2D343A3C39}"
EndProject
Global
	GlobalSection(SolutionConfigurationPlatforms) = preSolution
		Debug|Any CPU = Debug|Any CPU
		Release|Any CPU = Release|Any CPU
	EndGlobalSection
	GlobalSection(ProjectConfigurationPlatforms) = postSolution
		{22BEF17F-D5D9-4AC4-A70B-4B2D343A3C39}.Debug|Any CPU.ActiveCfg = Debug|Any CPU
		{22BEF17F-D5D9-4AC4-A70B-4B2D343A3C39}.Debug|Any CPU.Build.0 = Debug|Any CPU
		{22BEF17F-D5D9-4AC4-A70B-4B2D343A3C39}.Release|Any CPU.ActiveCfg = Release|Any CPU
		{22BEF17F-D5D9-4AC4-A70B-4B2D343A3C39}.Release|Any CPU.Build.0 = Release|Any CPU
	EndGlobalSection
	GlobalSection(SolutionProperties) = preSolution
		HideSolutionNode = FALSE
	EndGlobalSection
	GlobalSection(ExtensibilityGlobals) = postSolution
		SolutionGuid = {AC0B4DE3-615D-4A53-A3EE-1A73BF049EA4}
	EndGlobalSection
EndGlobal
